<?xml version="1.0" encoding="utf-8"?>
<Project ToolsVersion="4.0" xmlns="http://schemas.microsoft.com/developer/msbuild/2003">
  <ItemGroup>
    <Filter Include="Source Files">
      <UniqueIdentifier>{4FC737F1-C7A5-4376-A066-2A32D752A2FF}</UniqueIdentifier>
      <Extensions>cpp;c;cc;cxx;def;odl;idl;hpj;bat;asm;asmx</Extensions>
    </Filter>
    <Filter Include="Header Files">
      <UniqueIdentifier>{93995380-89BD-4b04-88EB-625FBE52EBFB}</UniqueIdentifier>
      <Extensions>h;hh;hpp;hxx;hm;inl;inc;ipp;xsd</Extensions>
    </Filter>
    <Filter Include="Resource Files">
      <UniqueIdentifier>{67DA6AB6-F800-4c08-8B7A-83BB121AAD01}</UniqueIdentifier>
      <Extensions>rc;ico;cur;bmp;dlg;rc2;rct;bin;rgs;gif;jpg;jpeg;jpe;resx;tiff;tif;png;wav;mfcribbon-ms</Extensions>
    </Filter>
    <Filter Include="Header Files\Operation">
      <UniqueIdentifier>{409e264c-485f-456a-916b-4cc2bf7e36b5}</UniqueIdentifier>
    </Filter>
    <Filter Include="Source Files\Operation">
      <UniqueIdentifier>{bd72f8a0-819c-4036-8e21-fc9b5e9f1891}</UniqueIdentifier>
    </Filter>
    <Filter Include="Source Files\Functions">
      <UniqueIdentifier>{950ed4e2-fb4f-4455-a9ac-7181d43ea72f}</UniqueIdentifier>
    </Filter>
    <Filter Include="Header Files\Functions">
      <UniqueIdentifier>{da25a9dc-6770-40ab-a54e-80bef66ca2ae}</UniqueIdentifier>
    </Filter>
  </ItemGroup>
  <ItemGroup>
    <ClCompile Include="parser.cpp">
      <Filter>Source Files</Filter>
    </ClCompile>
    <ClCompile Include="token.cpp">
      <Filter>Source Files</Filter>
    </ClCompile>
    <ClCompile Include="expression.cpp">
      <Filter>Source Files</Filter>
    </ClCompile>
    <ClCompile Include="main.cpp">
      <Filter>Source Files</Filter>
    </ClCompile>
    <ClCompile Include="interpreter.cpp">
      <Filter>Source Files</Filter>
    </ClCompile>
    <ClCompile Include="statement.cpp">
      <Filter>Source Files</Filter>
    </ClCompile>
    <ClCompile Include="environment.cpp">
      <Filter>Source Files</Filter>
    </ClCompile>
    <ClCompile Include="math_func.cpp">
      <Filter>Source Files\Functions</Filter>
    </ClCompile>
    <ClCompile Include="math_func_exceptions.cpp">
      <Filter>Source Files\Functions</Filter>
    </ClCompile>
    <ClCompile Include="misc_func.cpp">
      <Filter>Source Files\Functions</Filter>
    </ClCompile>
    <ClCompile Include="custom_func.cpp">
      <Filter>Source Files\Functions</Filter>
    </ClCompile>
    <ClCompile Include="resolver.cpp">
      <Filter>Source Files</Filter>
    </ClCompile>
    <ClCompile Include="beta_class.cpp">
      <Filter>Source Files</Filter>
    </ClCompile>
    <ClCompile Include="beta_instance.cpp">
      <Filter>Source Files</Filter>
    </ClCompile>
    <ClCompile Include="boolean.cpp">
      <Filter>Source Files\Operation</Filter>
    </ClCompile>
    <ClCompile Include="float.cpp">
      <Filter>Source Files\Operation</Filter>
    </ClCompile>
    <ClCompile Include="integer.cpp">
      <Filter>Source Files\Operation</Filter>
    </ClCompile>
    <ClCompile Include="oper_exceptions.cpp">
      <Filter>Source Files\Operation</Filter>
    </ClCompile>
    <ClCompile Include="operator.cpp">
      <Filter>Source Files\Operation</Filter>
    </ClCompile>
    <ClCompile Include="variable.cpp">
      <Filter>Source Files\Operation</Filter>
    </ClCompile>
    <ClCompile Include="lexer.cpp">
      <Filter>Source Files</Filter>
    </ClCompile>
  </ItemGroup>
  <ItemGroup>
    <ClInclude Include="expression.hpp">
      <Filter>Header Files</Filter>
    </ClInclude>
    <ClInclude Include="keywords.hpp">
      <Filter>Header Files</Filter>
    </ClInclude>
    <ClInclude Include="parser.hpp">
      <Filter>Header Files</Filter>
    </ClInclude>
    <ClInclude Include="token.hpp">
      <Filter>Header Files</Filter>
    </ClInclude>
    <ClInclude Include="visitor.hpp">
      <Filter>Header Files</Filter>
    </ClInclude>
    <ClInclude Include="interpreter.hpp">
      <Filter>Header Files</Filter>
    </ClInclude>
    <ClInclude Include="statement.hpp">
      <Filter>Header Files</Filter>
    </ClInclude>
    <ClInclude Include="environment.hpp">
      <Filter>Header Files</Filter>
    </ClInclude>
    <ClInclude Include="math_func.hpp">
      <Filter>Header Files\Functions</Filter>
    </ClInclude>
    <ClInclude Include="math_func_exceptions.hpp">
      <Filter>Header Files\Functions</Filter>
    </ClInclude>
    <ClInclude Include="beta_callable.hpp">
      <Filter>Header Files\Functions</Filter>
    </ClInclude>
    <ClInclude Include="misc_func.hpp">
      <Filter>Header Files\Functions</Filter>
    </ClInclude>
    <ClInclude Include="custom_func.hpp">
      <Filter>Header Files\Functions</Filter>
    </ClInclude>
    <ClInclude Include="return.hpp">
      <Filter>Header Files</Filter>
    </ClInclude>
    <ClInclude Include="resolver.hpp">
      <Filter>Header Files</Filter>
    </ClInclude>
    <ClInclude Include="beta_class.hpp">
      <Filter>Header Files</Filter>
    </ClInclude>
    <ClInclude Include="beta_instance.hpp">
      <Filter>Header Files</Filter>
    </ClInclude>
    <ClInclude Include="float.hpp">
      <Filter>Header Files\Operation</Filter>
    </ClInclude>
    <ClInclude Include="integer.hpp">
      <Filter>Header Files\Operation</Filter>
    </ClInclude>
    <ClInclude Include="boolean.hpp">
      <Filter>Header Files\Operation</Filter>
    </ClInclude>
    <ClInclude Include="number.hpp">
      <Filter>Header Files\Operation</Filter>
    </ClInclude>
    <ClInclude Include="operand.hpp">
      <Filter>Header Files\Operation</Filter>
    </ClInclude>
    <ClInclude Include="operation.hpp">
      <Filter>Header Files\Operation</Filter>
    </ClInclude>
    <ClInclude Include="operator.hpp">
      <Filter>Header Files\Operation</Filter>
    </ClInclude>
    <ClInclude Include="word.hpp">
      <Filter>Header Files\Operation</Filter>
    </ClInclude>
    <ClInclude Include="variable.hpp">
      <Filter>Header Files\Operation</Filter>
    </ClInclude>
    <ClInclude Include="oper_exceptions.hpp">
      <Filter>Header Files\Operation</Filter>
    </ClInclude>
    <ClInclude Include="lexer.hpp">
      <Filter>Header Files</Filter>
    </ClInclude>
  </ItemGroup>
</Project>