
Microsoft Visual Studio Solution File, Format Version 12.00
# Visual Studio 15
VisualStudioVersion = 15.0.28010.2050
MinimumVisualStudioVersion = 10.0.40219.1
Project("{8BC9CEB8-8B4A-11D0-8D11-00A0C91BC942}") = "BasicInterpreter", "BasicInterpreter\BasicInterpreter.vcxproj", "{1ED8DBEE-5AED-419E-80FC-99E7C2D03163}"
EndProject
Global
	GlobalSection(SolutionConfigurationPlatforms) = preSolution
		Debug Library|Any CPU = Debug Library|Any CPU
		Debug Library|x64 = Debug Library|x64
		Debug Library|x86 = Debug Library|x86
		Debug|Any CPU = Debug|Any CPU
		Debug|x64 = Debug|x64
		Debug|x86 = Debug|x86
		Release Library|Any CPU = Release Library|Any CPU
		Release Library|x64 = Release Library|x64
		Release Library|x86 = Release Library|x86
		Release|Any CPU = Release|Any CPU
		Release|x64 = Release|x64
		Release|x86 = Release|x86
	EndGlobalSection
	GlobalSection(ProjectConfigurationPlatforms) = postSolution
		{1ED8DBEE-5AED-419E-80FC-99E7C2D03163}.Debug Library|Any CPU.ActiveCfg = Debug Library|Win32
		{1ED8DBEE-5AED-419E-80FC-99E7C2D03163}.Debug Library|x64.ActiveCfg = Debug Library|x64
		{1ED8DBEE-5AED-419E-80FC-99E7C2D03163}.Debug Library|x64.Build.0 = Debug Library|x64
		{1ED8DBEE-5AED-419E-80FC-99E7C2D03163}.Debug Library|x86.ActiveCfg = Debug Library|Win32
		{1ED8DBEE-5AED-419E-80FC-99E7C2D03163}.Debug Library|x86.Build.0 = Debug Library|Win32
		{1ED8DBEE-5AED-419E-80FC-99E7C2D03163}.Debug|Any CPU.ActiveCfg = Debug|Win32
		{1ED8DBEE-5AED-419E-80FC-99E7C2D03163}.Debug|x64.ActiveCfg = Debug|x64
		{1ED8DBEE-5AED-419E-80FC-99E7C2D03163}.Debug|x64.Build.0 = Debug|x64
		{1ED8DBEE-5AED-419E-80FC-99E7C2D03163}.Debug|x86.ActiveCfg = Debug|Win32
		{1ED8DBEE-5AED-419E-80FC-99E7C2D03163}.Debug|x86.Build.0 = Debug|Win32
		{1ED8DBEE-5AED-419E-80FC-99E7C2D03163}.Release Library|Any CPU.ActiveCfg = Release Library|Win32
		{1ED8DBEE-5AED-419E-80FC-99E7C2D03163}.Release Library|x64.ActiveCfg = Release Library|x64
		{1ED8DBEE-5AED-419E-80FC-99E7C2D03163}.Release Library|x64.Build.0 = Release Library|x64
		{1ED8DBEE-5AED-419E-80FC-99E7C2D03163}.Release Library|x86.ActiveCfg = Release Library|Win32
		{1ED8DBEE-5AED-419E-80FC-99E7C2D03163}.Release Library|x86.Build.0 = Release Library|Win32
		{1ED8DBEE-5AED-419E-80FC-99E7C2D03163}.Release|Any CPU.ActiveCfg = Release|Win32
		{1ED8DBEE-5AED-419E-80FC-99E7C2D03163}.Release|x64.ActiveCfg = Release|x64
		{1ED8DBEE-5AED-419E-80FC-99E7C2D03163}.Release|x64.Build.0 = Release|x64
		{1ED8DBEE-5AED-419E-80FC-99E7C2D03163}.Release|x86.ActiveCfg = Release|Win32
		{1ED8DBEE-5AED-419E-80FC-99E7C2D03163}.Release|x86.Build.0 = Release|Win32
	EndGlobalSection
	GlobalSection(SolutionProperties) = preSolution
		HideSolutionNode = FALSE
	EndGlobalSection
	GlobalSection(ExtensibilityGlobals) = postSolution
		SolutionGuid = {2B16DB0F-B78E-4E4F-AE4E-515DD7152741}
	EndGlobalSection
EndGlobal
