
Microsoft Visual Studio Solution File, Format Version 12.00
# Visual Studio 15
VisualStudioVersion = 15.0.28010.2050
MinimumVisualStudioVersion = 10.0.40219.1
Project("{8BC9CEB8-8B4A-11D0-8D11-00A0C91BC942}") = "BasicInterpreter", "BasicInterpreter\BasicInterpreter.vcxproj", "{1ED8DBEE-5AED-419E-80FC-99E7C2D03163}"
EndProject
Project("{8BC9CEB8-8B4A-11D0-8D11-00A0C91BC942}") = "BasicWrapper", "BasicWrapper\BasicWrapper.vcxproj", "{7BE3E833-D326-44BA-8099-B3FF0DC7BFF2}"
EndProject
Project("{FAE04EC0-301F-11D3-BF4B-00C04F79EFBC}") = "BasicIDE", "BasicIDE\BasicIDE.csproj", "{B002AA21-3091-4785-8849-E7069A302E65}"
EndProject
Global
	GlobalSection(SolutionConfigurationPlatforms) = preSolution
		Debug|Any CPU = Debug|Any CPU
		Debug|x64 = Debug|x64
		Debug|x86 = Debug|x86
		Release|Any CPU = Release|Any CPU
		Release|x64 = Release|x64
		Release|x86 = Release|x86
	EndGlobalSection
	GlobalSection(ProjectConfigurationPlatforms) = postSolution
		{1ED8DBEE-5AED-419E-80FC-99E7C2D03163}.Debug|Any CPU.ActiveCfg = Debug|Win32
		{1ED8DBEE-5AED-419E-80FC-99E7C2D03163}.Debug|x64.ActiveCfg = Debug|x64
		{1ED8DBEE-5AED-419E-80FC-99E7C2D03163}.Debug|x64.Build.0 = Debug|x64
		{1ED8DBEE-5AED-419E-80FC-99E7C2D03163}.Debug|x86.ActiveCfg = Debug|Win32
		{1ED8DBEE-5AED-419E-80FC-99E7C2D03163}.Debug|x86.Build.0 = Debug|Win32
		{1ED8DBEE-5AED-419E-80FC-99E7C2D03163}.Release|Any CPU.ActiveCfg = Release|Win32
		{1ED8DBEE-5AED-419E-80FC-99E7C2D03163}.Release|x64.ActiveCfg = Release|x64
		{1ED8DBEE-5AED-419E-80FC-99E7C2D03163}.Release|x64.Build.0 = Release|x64
		{1ED8DBEE-5AED-419E-80FC-99E7C2D03163}.Release|x86.ActiveCfg = Release|Win32
		{1ED8DBEE-5AED-419E-80FC-99E7C2D03163}.Release|x86.Build.0 = Release|Win32
		{7BE3E833-D326-44BA-8099-B3FF0DC7BFF2}.Debug|Any CPU.ActiveCfg = Debug|Win32
		{7BE3E833-D326-44BA-8099-B3FF0DC7BFF2}.Debug|x64.ActiveCfg = Debug|x64
		{7BE3E833-D326-44BA-8099-B3FF0DC7BFF2}.Debug|x64.Build.0 = Debug|x64
		{7BE3E833-D326-44BA-8099-B3FF0DC7BFF2}.Debug|x86.ActiveCfg = Debug|Win32
		{7BE3E833-D326-44BA-8099-B3FF0DC7BFF2}.Debug|x86.Build.0 = Debug|Win32
		{7BE3E833-D326-44BA-8099-B3FF0DC7BFF2}.Release|Any CPU.ActiveCfg = Release|Win32
		{7BE3E833-D326-44BA-8099-B3FF0DC7BFF2}.Release|x64.ActiveCfg = Release|x64
		{7BE3E833-D326-44BA-8099-B3FF0DC7BFF2}.Release|x64.Build.0 = Release|x64
		{7BE3E833-D326-44BA-8099-B3FF0DC7BFF2}.Release|x86.ActiveCfg = Release|Win32
		{7BE3E833-D326-44BA-8099-B3FF0DC7BFF2}.Release|x86.Build.0 = Release|Win32
		{B002AA21-3091-4785-8849-E7069A302E65}.Debug|Any CPU.ActiveCfg = Debug|Any CPU
		{B002AA21-3091-4785-8849-E7069A302E65}.Debug|Any CPU.Build.0 = Debug|Any CPU
		{B002AA21-3091-4785-8849-E7069A302E65}.Debug|x64.ActiveCfg = Debug|Any CPU
		{B002AA21-3091-4785-8849-E7069A302E65}.Debug|x64.Build.0 = Debug|Any CPU
		{B002AA21-3091-4785-8849-E7069A302E65}.Debug|x86.ActiveCfg = Debug|Any CPU
		{B002AA21-3091-4785-8849-E7069A302E65}.Debug|x86.Build.0 = Debug|Any CPU
		{B002AA21-3091-4785-8849-E7069A302E65}.Release|Any CPU.ActiveCfg = Release|Any CPU
		{B002AA21-3091-4785-8849-E7069A302E65}.Release|Any CPU.Build.0 = Release|Any CPU
		{B002AA21-3091-4785-8849-E7069A302E65}.Release|x64.ActiveCfg = Release|Any CPU
		{B002AA21-3091-4785-8849-E7069A302E65}.Release|x64.Build.0 = Release|Any CPU
		{B002AA21-3091-4785-8849-E7069A302E65}.Release|x86.ActiveCfg = Release|Any CPU
		{B002AA21-3091-4785-8849-E7069A302E65}.Release|x86.Build.0 = Release|Any CPU
	EndGlobalSection
	GlobalSection(SolutionProperties) = preSolution
		HideSolutionNode = FALSE
	EndGlobalSection
	GlobalSection(ExtensibilityGlobals) = postSolution
		SolutionGuid = {2B16DB0F-B78E-4E4F-AE4E-515DD7152741}
	EndGlobalSection
EndGlobal
